// !$*UTF8*$!
{
	archiveVersion = 1;
	classes = {
	};
	objectVersion = 56;
	objects = {

/* Begin PBXBuildFile section */
		AD3A43D22C5FB7B8009A2EFF /* ImageDownloaderApp.swift in Sources */ = {isa = PBXBuildFile; fileRef = AD3A43D12C5FB7B8009A2EFF /* ImageDownloaderApp.swift */; };
		AD3A43D62C5FB7B9009A2EFF /* Assets.xcassets in Resources */ = {isa = PBXBuildFile; fileRef = AD3A43D52C5FB7B9009A2EFF /* Assets.xcassets */; };
		AD3A43D92C5FB7B9009A2EFF /* Preview Assets.xcassets in Resources */ = {isa = PBXBuildFile; fileRef = AD3A43D82C5FB7B9009A2EFF /* Preview Assets.xcassets */; };
		AD3A43E32C5FB7B9009A2EFF /* ImageDownloaderTests.swift in Sources */ = {isa = PBXBuildFile; fileRef = AD3A43E22C5FB7B9009A2EFF /* ImageDownloaderTests.swift */; };
		AD3A43ED2C5FB7B9009A2EFF /* ImageDownloaderUITests.swift in Sources */ = {isa = PBXBuildFile; fileRef = AD3A43EC2C5FB7B9009A2EFF /* ImageDownloaderUITests.swift */; };
		AD3A43EF2C5FB7B9009A2EFF /* ImageDownloaderUITestsLaunchTests.swift in Sources */ = {isa = PBXBuildFile; fileRef = AD3A43EE2C5FB7B9009A2EFF /* ImageDownloaderUITestsLaunchTests.swift */; };
		AD3A440A2C5FCCAF009A2EFF /* ImageListView.swift in Sources */ = {isa = PBXBuildFile; fileRef = AD3A44092C5FCCAF009A2EFF /* ImageListView.swift */; };
		AD3A440D2C5FD947009A2EFF /* Configuration.swift in Sources */ = {isa = PBXBuildFile; fileRef = AD3A440C2C5FD947009A2EFF /* Configuration.swift */; };
		AD3A44102C5FD97D009A2EFF /* APIEnpoints.swift in Sources */ = {isa = PBXBuildFile; fileRef = AD3A440F2C5FD97D009A2EFF /* APIEnpoints.swift */; };
		AD3A44122C5FDD4A009A2EFF /* NetworkManager.swift in Sources */ = {isa = PBXBuildFile; fileRef = AD3A44112C5FDD4A009A2EFF /* NetworkManager.swift */; };
		AD3A44142C5FDD66009A2EFF /* NetworkManagerProtocol.swift in Sources */ = {isa = PBXBuildFile; fileRef = AD3A44132C5FDD66009A2EFF /* NetworkManagerProtocol.swift */; };
		AD3A44172C5FDD94009A2EFF /* NetworkError.swift in Sources */ = {isa = PBXBuildFile; fileRef = AD3A44162C5FDD94009A2EFF /* NetworkError.swift */; };
		AD3A441B2C5FDDF6009A2EFF /* ViewModel.swift in Sources */ = {isa = PBXBuildFile; fileRef = AD3A441A2C5FDDF6009A2EFF /* ViewModel.swift */; };
		AD3A44212C5FDF0B009A2EFF /* ImageModelNetwork.swift in Sources */ = {isa = PBXBuildFile; fileRef = AD3A44202C5FDF0B009A2EFF /* ImageModelNetwork.swift */; };
		AD3A44242C5FDF7A009A2EFF /* ImageModel.swift in Sources */ = {isa = PBXBuildFile; fileRef = AD3A44232C5FDF79009A2EFF /* ImageModel.swift */; };
		AD3A44262C5FE0CB009A2EFF /* RequestCreator.swift in Sources */ = {isa = PBXBuildFile; fileRef = AD3A44252C5FE0CB009A2EFF /* RequestCreator.swift */; };
		AD3A44292C5FE2DF009A2EFF /* ImageAdapter.swift in Sources */ = {isa = PBXBuildFile; fileRef = AD3A44282C5FE2DF009A2EFF /* ImageAdapter.swift */; };
		AD3A442B2C5FEB62009A2EFF /* ConfigKeys.swift in Sources */ = {isa = PBXBuildFile; fileRef = AD3A442A2C5FEB62009A2EFF /* ConfigKeys.swift */; };
		AD715B272C60DA20008A586B /* ImageCachingLibrary in Frameworks */ = {isa = PBXBuildFile; productRef = AD715B262C60DA20008A586B /* ImageCachingLibrary */; };
/* End PBXBuildFile section */

/* Begin PBXContainerItemProxy section */
		AD3A43DF2C5FB7B9009A2EFF /* PBXContainerItemProxy */ = {
			isa = PBXContainerItemProxy;
			containerPortal = AD3A43C62C5FB7B8009A2EFF /* Project object */;
			proxyType = 1;
			remoteGlobalIDString = AD3A43CD2C5FB7B8009A2EFF;
			remoteInfo = ImageDownloader;
		};
		AD3A43E92C5FB7B9009A2EFF /* PBXContainerItemProxy */ = {
			isa = PBXContainerItemProxy;
			containerPortal = AD3A43C62C5FB7B8009A2EFF /* Project object */;
			proxyType = 1;
			remoteGlobalIDString = AD3A43CD2C5FB7B8009A2EFF;
			remoteInfo = ImageDownloader;
		};
/* End PBXContainerItemProxy section */

/* Begin PBXFileReference section */
		AD3A43CE2C5FB7B8009A2EFF /* ImageDownloader.app */ = {isa = PBXFileReference; explicitFileType = wrapper.application; includeInIndex = 0; path = ImageDownloader.app; sourceTree = BUILT_PRODUCTS_DIR; };
		AD3A43D12C5FB7B8009A2EFF /* ImageDownloaderApp.swift */ = {isa = PBXFileReference; lastKnownFileType = sourcecode.swift; path = ImageDownloaderApp.swift; sourceTree = "<group>"; };
		AD3A43D52C5FB7B9009A2EFF /* Assets.xcassets */ = {isa = PBXFileReference; lastKnownFileType = folder.assetcatalog; path = Assets.xcassets; sourceTree = "<group>"; };
		AD3A43D82C5FB7B9009A2EFF /* Preview Assets.xcassets */ = {isa = PBXFileReference; lastKnownFileType = folder.assetcatalog; path = "Preview Assets.xcassets"; sourceTree = "<group>"; };
		AD3A43DE2C5FB7B9009A2EFF /* ImageDownloaderTests.xctest */ = {isa = PBXFileReference; explicitFileType = wrapper.cfbundle; includeInIndex = 0; path = ImageDownloaderTests.xctest; sourceTree = BUILT_PRODUCTS_DIR; };
		AD3A43E22C5FB7B9009A2EFF /* ImageDownloaderTests.swift */ = {isa = PBXFileReference; lastKnownFileType = sourcecode.swift; path = ImageDownloaderTests.swift; sourceTree = "<group>"; };
		AD3A43E82C5FB7B9009A2EFF /* ImageDownloaderUITests.xctest */ = {isa = PBXFileReference; explicitFileType = wrapper.cfbundle; includeInIndex = 0; path = ImageDownloaderUITests.xctest; sourceTree = BUILT_PRODUCTS_DIR; };
		AD3A43EC2C5FB7B9009A2EFF /* ImageDownloaderUITests.swift */ = {isa = PBXFileReference; lastKnownFileType = sourcecode.swift; path = ImageDownloaderUITests.swift; sourceTree = "<group>"; };
		AD3A43EE2C5FB7B9009A2EFF /* ImageDownloaderUITestsLaunchTests.swift */ = {isa = PBXFileReference; lastKnownFileType = sourcecode.swift; path = ImageDownloaderUITestsLaunchTests.swift; sourceTree = "<group>"; };
		AD3A44022C5FC4BF009A2EFF /* DevConfig.xcconfig */ = {isa = PBXFileReference; lastKnownFileType = text.xcconfig; path = DevConfig.xcconfig; sourceTree = "<group>"; };
		AD3A44032C5FC4D4009A2EFF /* ProdConfig.xcconfig */ = {isa = PBXFileReference; lastKnownFileType = text.xcconfig; path = ProdConfig.xcconfig; sourceTree = "<group>"; };
		AD3A44042C5FC631009A2EFF /* Info.plist */ = {isa = PBXFileReference; lastKnownFileType = text.plist; path = Info.plist; sourceTree = "<group>"; };
		AD3A44092C5FCCAF009A2EFF /* ImageListView.swift */ = {isa = PBXFileReference; lastKnownFileType = sourcecode.swift; path = ImageListView.swift; sourceTree = "<group>"; };
		AD3A440C2C5FD947009A2EFF /* Configuration.swift */ = {isa = PBXFileReference; lastKnownFileType = sourcecode.swift; path = Configuration.swift; sourceTree = "<group>"; };
		AD3A440F2C5FD97D009A2EFF /* APIEnpoints.swift */ = {isa = PBXFileReference; lastKnownFileType = sourcecode.swift; path = APIEnpoints.swift; sourceTree = "<group>"; };
		AD3A44112C5FDD4A009A2EFF /* NetworkManager.swift */ = {isa = PBXFileReference; lastKnownFileType = sourcecode.swift; path = NetworkManager.swift; sourceTree = "<group>"; };
		AD3A44132C5FDD66009A2EFF /* NetworkManagerProtocol.swift */ = {isa = PBXFileReference; lastKnownFileType = sourcecode.swift; path = NetworkManagerProtocol.swift; sourceTree = "<group>"; };
		AD3A44162C5FDD94009A2EFF /* NetworkError.swift */ = {isa = PBXFileReference; lastKnownFileType = sourcecode.swift; path = NetworkError.swift; sourceTree = "<group>"; };
		AD3A441A2C5FDDF6009A2EFF /* ViewModel.swift */ = {isa = PBXFileReference; lastKnownFileType = sourcecode.swift; path = ViewModel.swift; sourceTree = "<group>"; };
		AD3A44202C5FDF0B009A2EFF /* ImageModelNetwork.swift */ = {isa = PBXFileReference; lastKnownFileType = sourcecode.swift; path = ImageModelNetwork.swift; sourceTree = "<group>"; };
		AD3A44232C5FDF79009A2EFF /* ImageModel.swift */ = {isa = PBXFileReference; lastKnownFileType = sourcecode.swift; path = ImageModel.swift; sourceTree = "<group>"; };
		AD3A44252C5FE0CB009A2EFF /* RequestCreator.swift */ = {isa = PBXFileReference; lastKnownFileType = sourcecode.swift; path = RequestCreator.swift; sourceTree = "<group>"; };
		AD3A44282C5FE2DF009A2EFF /* ImageAdapter.swift */ = {isa = PBXFileReference; lastKnownFileType = sourcecode.swift; path = ImageAdapter.swift; sourceTree = "<group>"; };
		AD3A442A2C5FEB62009A2EFF /* ConfigKeys.swift */ = {isa = PBXFileReference; lastKnownFileType = sourcecode.swift; path = ConfigKeys.swift; sourceTree = "<group>"; };
/* End PBXFileReference section */

/* Begin PBXFrameworksBuildPhase section */
		AD3A43CB2C5FB7B8009A2EFF /* Frameworks */ = {
			isa = PBXFrameworksBuildPhase;
			buildActionMask = 2147483647;
			files = (
				AD715B272C60DA20008A586B /* ImageCachingLibrary in Frameworks */,
			);
			runOnlyForDeploymentPostprocessing = 0;
		};
		AD3A43DB2C5FB7B9009A2EFF /* Frameworks */ = {
			isa = PBXFrameworksBuildPhase;
			buildActionMask = 2147483647;
			files = (
			);
			runOnlyForDeploymentPostprocessing = 0;
		};
		AD3A43E52C5FB7B9009A2EFF /* Frameworks */ = {
			isa = PBXFrameworksBuildPhase;
			buildActionMask = 2147483647;
			files = (
			);
			runOnlyForDeploymentPostprocessing = 0;
		};
/* End PBXFrameworksBuildPhase section */

/* Begin PBXGroup section */
		AD3A43C52C5FB7B8009A2EFF = {
			isa = PBXGroup;
			children = (
				AD3A43D02C5FB7B8009A2EFF /* ImageDownloader */,
				AD3A43E12C5FB7B9009A2EFF /* ImageDownloaderTests */,
				AD3A43EB2C5FB7B9009A2EFF /* ImageDownloaderUITests */,
				AD3A43CF2C5FB7B8009A2EFF /* Products */,
				AD715B252C60DA20008A586B /* Frameworks */,
			);
			sourceTree = "<group>";
		};
		AD3A43CF2C5FB7B8009A2EFF /* Products */ = {
			isa = PBXGroup;
			children = (
				AD3A43CE2C5FB7B8009A2EFF /* ImageDownloader.app */,
				AD3A43DE2C5FB7B9009A2EFF /* ImageDownloaderTests.xctest */,
				AD3A43E82C5FB7B9009A2EFF /* ImageDownloaderUITests.xctest */,
			);
			name = Products;
			sourceTree = "<group>";
		};
		AD3A43D02C5FB7B8009A2EFF /* ImageDownloader */ = {
			isa = PBXGroup;
			children = (
				AD3A44182C5FDDC4009A2EFF /* Features */,
				AD3A440E2C5FD964009A2EFF /* Network */,
				AD3A440B2C5FD921009A2EFF /* Utils */,
				AD3A44042C5FC631009A2EFF /* Info.plist */,
				AD3A43D12C5FB7B8009A2EFF /* ImageDownloaderApp.swift */,
				AD3A43D52C5FB7B9009A2EFF /* Assets.xcassets */,
				AD3A43D72C5FB7B9009A2EFF /* Preview Content */,
				AD3A44022C5FC4BF009A2EFF /* DevConfig.xcconfig */,
				AD3A44032C5FC4D4009A2EFF /* ProdConfig.xcconfig */,
			);
			path = ImageDownloader;
			sourceTree = "<group>";
		};
		AD3A43D72C5FB7B9009A2EFF /* Preview Content */ = {
			isa = PBXGroup;
			children = (
				AD3A43D82C5FB7B9009A2EFF /* Preview Assets.xcassets */,
			);
			path = "Preview Content";
			sourceTree = "<group>";
		};
		AD3A43E12C5FB7B9009A2EFF /* ImageDownloaderTests */ = {
			isa = PBXGroup;
			children = (
				AD3A43E22C5FB7B9009A2EFF /* ImageDownloaderTests.swift */,
			);
			path = ImageDownloaderTests;
			sourceTree = "<group>";
		};
		AD3A43EB2C5FB7B9009A2EFF /* ImageDownloaderUITests */ = {
			isa = PBXGroup;
			children = (
				AD3A43EC2C5FB7B9009A2EFF /* ImageDownloaderUITests.swift */,
				AD3A43EE2C5FB7B9009A2EFF /* ImageDownloaderUITestsLaunchTests.swift */,
			);
			path = ImageDownloaderUITests;
			sourceTree = "<group>";
		};
		AD3A43FE2C5FBE94009A2EFF /* Model */ = {
			isa = PBXGroup;
			children = (
				AD3A44222C5FDF61009A2EFF /* PresentedModels */,
				AD3A441D2C5FDE99009A2EFF /* NetworkModels */,
			);
			path = Model;
			sourceTree = "<group>";
		};
		AD3A44012C5FC471009A2EFF /* Views */ = {
			isa = PBXGroup;
			children = (
				AD3A44092C5FCCAF009A2EFF /* ImageListView.swift */,
			);
			path = Views;
			sourceTree = "<group>";
		};
		AD3A440B2C5FD921009A2EFF /* Utils */ = {
			isa = PBXGroup;
			children = (
				AD3A440C2C5FD947009A2EFF /* Configuration.swift */,
				AD3A442A2C5FEB62009A2EFF /* ConfigKeys.swift */,
			);
			path = Utils;
			sourceTree = "<group>";
		};
		AD3A440E2C5FD964009A2EFF /* Network */ = {
			isa = PBXGroup;
			children = (
				AD3A44152C5FDD83009A2EFF /* Enums */,
				AD3A440F2C5FD97D009A2EFF /* APIEnpoints.swift */,
				AD3A44112C5FDD4A009A2EFF /* NetworkManager.swift */,
				AD3A44132C5FDD66009A2EFF /* NetworkManagerProtocol.swift */,
				AD3A44252C5FE0CB009A2EFF /* RequestCreator.swift */,
			);
			path = Network;
			sourceTree = "<group>";
		};
		AD3A44152C5FDD83009A2EFF /* Enums */ = {
			isa = PBXGroup;
			children = (
				AD3A44162C5FDD94009A2EFF /* NetworkError.swift */,
			);
			path = Enums;
			sourceTree = "<group>";
		};
		AD3A44182C5FDDC4009A2EFF /* Features */ = {
			isa = PBXGroup;
			children = (
				AD3A44192C5FDDCC009A2EFF /* ImageLoader */,
			);
			path = Features;
			sourceTree = "<group>";
		};
		AD3A44192C5FDDCC009A2EFF /* ImageLoader */ = {
			isa = PBXGroup;
			children = (
				AD3A44272C5FE2CE009A2EFF /* Adapters */,
				AD3A43FE2C5FBE94009A2EFF /* Model */,
				AD3A441C2C5FDDFC009A2EFF /* ViewModel */,
				AD3A44012C5FC471009A2EFF /* Views */,
			);
			path = ImageLoader;
			sourceTree = "<group>";
		};
		AD3A441C2C5FDDFC009A2EFF /* ViewModel */ = {
			isa = PBXGroup;
			children = (
				AD3A441A2C5FDDF6009A2EFF /* ViewModel.swift */,
			);
			path = ViewModel;
			sourceTree = "<group>";
		};
		AD3A441D2C5FDE99009A2EFF /* NetworkModels */ = {
			isa = PBXGroup;
			children = (
				AD3A44202C5FDF0B009A2EFF /* ImageModelNetwork.swift */,
			);
			path = NetworkModels;
			sourceTree = "<group>";
		};
		AD3A44222C5FDF61009A2EFF /* PresentedModels */ = {
			isa = PBXGroup;
			children = (
				AD3A44232C5FDF79009A2EFF /* ImageModel.swift */,
			);
			path = PresentedModels;
			sourceTree = "<group>";
		};
		AD3A44272C5FE2CE009A2EFF /* Adapters */ = {
			isa = PBXGroup;
			children = (
				AD3A44282C5FE2DF009A2EFF /* ImageAdapter.swift */,
			);
			path = Adapters;
			sourceTree = "<group>";
		};
		AD715B252C60DA20008A586B /* Frameworks */ = {
			isa = PBXGroup;
			children = (
			);
			name = Frameworks;
			sourceTree = "<group>";
		};
/* End PBXGroup section */

/* Begin PBXNativeTarget section */
		AD3A43CD2C5FB7B8009A2EFF /* ImageDownloader */ = {
			isa = PBXNativeTarget;
			buildConfigurationList = AD3A43F22C5FB7B9009A2EFF /* Build configuration list for PBXNativeTarget "ImageDownloader" */;
			buildPhases = (
				AD3A43CA2C5FB7B8009A2EFF /* Sources */,
				AD3A43CB2C5FB7B8009A2EFF /* Frameworks */,
				AD3A43CC2C5FB7B8009A2EFF /* Resources */,
			);
			buildRules = (
			);
			dependencies = (
			);
			name = ImageDownloader;
			packageProductDependencies = (
				AD715B262C60DA20008A586B /* ImageCachingLibrary */,
			);
			productName = ImageDownloader;
			productReference = AD3A43CE2C5FB7B8009A2EFF /* ImageDownloader.app */;
			productType = "com.apple.product-type.application";
		};
		AD3A43DD2C5FB7B9009A2EFF /* ImageDownloaderTests */ = {
			isa = PBXNativeTarget;
			buildConfigurationList = AD3A43F52C5FB7B9009A2EFF /* Build configuration list for PBXNativeTarget "ImageDownloaderTests" */;
			buildPhases = (
				AD3A43DA2C5FB7B9009A2EFF /* Sources */,
				AD3A43DB2C5FB7B9009A2EFF /* Frameworks */,
				AD3A43DC2C5FB7B9009A2EFF /* Resources */,
			);
			buildRules = (
			);
			dependencies = (
				AD3A43E02C5FB7B9009A2EFF /* PBXTargetDependency */,
			);
			name = ImageDownloaderTests;
			productName = ImageDownloaderTests;
			productReference = AD3A43DE2C5FB7B9009A2EFF /* ImageDownloaderTests.xctest */;
			productType = "com.apple.product-type.bundle.unit-test";
		};
		AD3A43E72C5FB7B9009A2EFF /* ImageDownloaderUITests */ = {
			isa = PBXNativeTarget;
			buildConfigurationList = AD3A43F82C5FB7B9009A2EFF /* Build configuration list for PBXNativeTarget "ImageDownloaderUITests" */;
			buildPhases = (
				AD3A43E42C5FB7B9009A2EFF /* Sources */,
				AD3A43E52C5FB7B9009A2EFF /* Frameworks */,
				AD3A43E62C5FB7B9009A2EFF /* Resources */,
			);
			buildRules = (
			);
			dependencies = (
				AD3A43EA2C5FB7B9009A2EFF /* PBXTargetDependency */,
			);
			name = ImageDownloaderUITests;
			productName = ImageDownloaderUITests;
			productReference = AD3A43E82C5FB7B9009A2EFF /* ImageDownloaderUITests.xctest */;
			productType = "com.apple.product-type.bundle.ui-testing";
		};
/* End PBXNativeTarget section */

/* Begin PBXProject section */
		AD3A43C62C5FB7B8009A2EFF /* Project object */ = {
			isa = PBXProject;
			attributes = {
				BuildIndependentTargetsInParallel = 1;
				LastSwiftUpdateCheck = 1540;
				LastUpgradeCheck = 1540;
				TargetAttributes = {
					AD3A43CD2C5FB7B8009A2EFF = {
						CreatedOnToolsVersion = 15.4;
					};
					AD3A43DD2C5FB7B9009A2EFF = {
						CreatedOnToolsVersion = 15.4;
						TestTargetID = AD3A43CD2C5FB7B8009A2EFF;
					};
					AD3A43E72C5FB7B9009A2EFF = {
						CreatedOnToolsVersion = 15.4;
						TestTargetID = AD3A43CD2C5FB7B8009A2EFF;
					};
				};
			};
			buildConfigurationList = AD3A43C92C5FB7B8009A2EFF /* Build configuration list for PBXProject "ImageDownloader" */;
			compatibilityVersion = "Xcode 14.0";
			developmentRegion = en;
			hasScannedForEncodings = 0;
			knownRegions = (
				en,
				Base,
			);
			mainGroup = AD3A43C52C5FB7B8009A2EFF;
			packageReferences = (
				AD715B242C60D99F008A586B /* XCRemoteSwiftPackageReference "ImageCacheLibrary" */,
			);
			productRefGroup = AD3A43CF2C5FB7B8009A2EFF /* Products */;
			projectDirPath = "";
			projectRoot = "";
			targets = (
				AD3A43CD2C5FB7B8009A2EFF /* ImageDownloader */,
				AD3A43DD2C5FB7B9009A2EFF /* ImageDownloaderTests */,
				AD3A43E72C5FB7B9009A2EFF /* ImageDownloaderUITests */,
			);
		};
/* End PBXProject section */

/* Begin PBXResourcesBuildPhase section */
		AD3A43CC2C5FB7B8009A2EFF /* Resources */ = {
			isa = PBXResourcesBuildPhase;
			buildActionMask = 2147483647;
			files = (
				AD3A43D92C5FB7B9009A2EFF /* Preview Assets.xcassets in Resources */,
				AD3A43D62C5FB7B9009A2EFF /* Assets.xcassets in Resources */,
			);
			runOnlyForDeploymentPostprocessing = 0;
		};
		AD3A43DC2C5FB7B9009A2EFF /* Resources */ = {
			isa = PBXResourcesBuildPhase;
			buildActionMask = 2147483647;
			files = (
			);
			runOnlyForDeploymentPostprocessing = 0;
		};
		AD3A43E62C5FB7B9009A2EFF /* Resources */ = {
			isa = PBXResourcesBuildPhase;
			buildActionMask = 2147483647;
			files = (
			);
			runOnlyForDeploymentPostprocessing = 0;
		};
/* End PBXResourcesBuildPhase section */

/* Begin PBXSourcesBuildPhase section */
		AD3A43CA2C5FB7B8009A2EFF /* Sources */ = {
			isa = PBXSourcesBuildPhase;
			buildActionMask = 2147483647;
			files = (
				AD3A44212C5FDF0B009A2EFF /* ImageModelNetwork.swift in Sources */,
				AD3A44122C5FDD4A009A2EFF /* NetworkManager.swift in Sources */,
				AD3A440D2C5FD947009A2EFF /* Configuration.swift in Sources */,
				AD3A43D22C5FB7B8009A2EFF /* ImageDownloaderApp.swift in Sources */,
				AD3A440A2C5FCCAF009A2EFF /* ImageListView.swift in Sources */,
				AD3A44102C5FD97D009A2EFF /* APIEnpoints.swift in Sources */,
				AD3A44262C5FE0CB009A2EFF /* RequestCreator.swift in Sources */,
				AD3A44292C5FE2DF009A2EFF /* ImageAdapter.swift in Sources */,
				AD3A44142C5FDD66009A2EFF /* NetworkManagerProtocol.swift in Sources */,
				AD3A44172C5FDD94009A2EFF /* NetworkError.swift in Sources */,
				AD3A441B2C5FDDF6009A2EFF /* ViewModel.swift in Sources */,
				AD3A442B2C5FEB62009A2EFF /* ConfigKeys.swift in Sources */,
				AD3A44242C5FDF7A009A2EFF /* ImageModel.swift in Sources */,
			);
			runOnlyForDeploymentPostprocessing = 0;
		};
		AD3A43DA2C5FB7B9009A2EFF /* Sources */ = {
			isa = PBXSourcesBuildPhase;
			buildActionMask = 2147483647;
			files = (
				AD3A43E32C5FB7B9009A2EFF /* ImageDownloaderTests.swift in Sources */,
			);
			runOnlyForDeploymentPostprocessing = 0;
		};
		AD3A43E42C5FB7B9009A2EFF /* Sources */ = {
			isa = PBXSourcesBuildPhase;
			buildActionMask = 2147483647;
			files = (
				AD3A43ED2C5FB7B9009A2EFF /* ImageDownloaderUITests.swift in Sources */,
				AD3A43EF2C5FB7B9009A2EFF /* ImageDownloaderUITestsLaunchTests.swift in Sources */,
			);
			runOnlyForDeploymentPostprocessing = 0;
		};
/* End PBXSourcesBuildPhase section */

/* Begin PBXTargetDependency section */
		AD3A43E02C5FB7B9009A2EFF /* PBXTargetDependency */ = {
			isa = PBXTargetDependency;
			target = AD3A43CD2C5FB7B8009A2EFF /* ImageDownloader */;
			targetProxy = AD3A43DF2C5FB7B9009A2EFF /* PBXContainerItemProxy */;
		};
		AD3A43EA2C5FB7B9009A2EFF /* PBXTargetDependency */ = {
			isa = PBXTargetDependency;
			target = AD3A43CD2C5FB7B8009A2EFF /* ImageDownloader */;
			targetProxy = AD3A43E92C5FB7B9009A2EFF /* PBXContainerItemProxy */;
		};
/* End PBXTargetDependency section */

/* Begin XCBuildConfiguration section */
		AD3A43F02C5FB7B9009A2EFF /* Debug */ = {
			isa = XCBuildConfiguration;
			baseConfigurationReference = AD3A44022C5FC4BF009A2EFF /* DevConfig.xcconfig */;
			buildSettings = {
				ALWAYS_SEARCH_USER_PATHS = NO;
				ASSETCATALOG_COMPILER_GENERATE_SWIFT_ASSET_SYMBOL_EXTENSIONS = YES;
				CLANG_ANALYZER_NONNULL = YES;
				CLANG_ANALYZER_NUMBER_OBJECT_CONVERSION = YES_AGGRESSIVE;
				CLANG_CXX_LANGUAGE_STANDARD = "gnu++20";
				CLANG_ENABLE_MODULES = YES;
				CLANG_ENABLE_OBJC_ARC = YES;
				CLANG_ENABLE_OBJC_WEAK = YES;
				CLANG_WARN_BLOCK_CAPTURE_AUTORELEASING = YES;
				CLANG_WARN_BOOL_CONVERSION = YES;
				CLANG_WARN_COMMA = YES;
				CLANG_WARN_CONSTANT_CONVERSION = YES;
				CLANG_WARN_DEPRECATED_OBJC_IMPLEMENTATIONS = YES;
				CLANG_WARN_DIRECT_OBJC_ISA_USAGE = YES_ERROR;
				CLANG_WARN_DOCUMENTATION_COMMENTS = YES;
				CLANG_WARN_EMPTY_BODY = YES;
				CLANG_WARN_ENUM_CONVERSION = YES;
				CLANG_WARN_INFINITE_RECURSION = YES;
				CLANG_WARN_INT_CONVERSION = YES;
				CLANG_WARN_NON_LITERAL_NULL_CONVERSION = YES;
				CLANG_WARN_OBJC_IMPLICIT_RETAIN_SELF = YES;
				CLANG_WARN_OBJC_LITERAL_CONVERSION = YES;
				CLANG_WARN_OBJC_ROOT_CLASS = YES_ERROR;
				CLANG_WARN_QUOTED_INCLUDE_IN_FRAMEWORK_HEADER = YES;
				CLANG_WARN_RANGE_LOOP_ANALYSIS = YES;
				CLANG_WARN_STRICT_PROTOTYPES = YES;
				CLANG_WARN_SUSPICIOUS_MOVE = YES;
				CLANG_WARN_UNGUARDED_AVAILABILITY = YES_AGGRESSIVE;
				CLANG_WARN_UNREACHABLE_CODE = YES;
				CLANG_WARN__DUPLICATE_METHOD_MATCH = YES;
				COPY_PHASE_STRIP = NO;
				DEBUG_INFORMATION_FORMAT = dwarf;
				ENABLE_STRICT_OBJC_MSGSEND = YES;
				ENABLE_TESTABILITY = YES;
				ENABLE_USER_SCRIPT_SANDBOXING = YES;
				GCC_C_LANGUAGE_STANDARD = gnu17;
				GCC_DYNAMIC_NO_PIC = NO;
				GCC_NO_COMMON_BLOCKS = YES;
				GCC_OPTIMIZATION_LEVEL = 0;
				GCC_PREPROCESSOR_DEFINITIONS = (
					"DEBUG=1",
					"$(inherited)",
				);
				GCC_WARN_64_TO_32_BIT_CONVERSION = YES;
				GCC_WARN_ABOUT_RETURN_TYPE = YES_ERROR;
				GCC_WARN_UNDECLARED_SELECTOR = YES;
				GCC_WARN_UNINITIALIZED_AUTOS = YES_AGGRESSIVE;
				GCC_WARN_UNUSED_FUNCTION = YES;
				GCC_WARN_UNUSED_VARIABLE = YES;
				IPHONEOS_DEPLOYMENT_TARGET = 17.5;
				LOCALIZATION_PREFERS_STRING_CATALOGS = YES;
				MTL_ENABLE_DEBUG_INFO = INCLUDE_SOURCE;
				MTL_FAST_MATH = YES;
				ONLY_ACTIVE_ARCH = YES;
				SDKROOT = iphoneos;
				SWIFT_ACTIVE_COMPILATION_CONDITIONS = "DEBUG $(inherited)";
				SWIFT_OPTIMIZATION_LEVEL = "-Onone";
			};
			name = Debug;
		};
		AD3A43F12C5FB7B9009A2EFF /* Release */ = {
			isa = XCBuildConfiguration;
			baseConfigurationReference = AD3A44032C5FC4D4009A2EFF /* ProdConfig.xcconfig */;
			buildSettings = {
				ALWAYS_SEARCH_USER_PATHS = NO;
				ASSETCATALOG_COMPILER_GENERATE_SWIFT_ASSET_SYMBOL_EXTENSIONS = YES;
				CLANG_ANALYZER_NONNULL = YES;
				CLANG_ANALYZER_NUMBER_OBJECT_CONVERSION = YES_AGGRESSIVE;
				CLANG_CXX_LANGUAGE_STANDARD = "gnu++20";
				CLANG_ENABLE_MODULES = YES;
				CLANG_ENABLE_OBJC_ARC = YES;
				CLANG_ENABLE_OBJC_WEAK = YES;
				CLANG_WARN_BLOCK_CAPTURE_AUTORELEASING = YES;
				CLANG_WARN_BOOL_CONVERSION = YES;
				CLANG_WARN_COMMA = YES;
				CLANG_WARN_CONSTANT_CONVERSION = YES;
				CLANG_WARN_DEPRECATED_OBJC_IMPLEMENTATIONS = YES;
				CLANG_WARN_DIRECT_OBJC_ISA_USAGE = YES_ERROR;
				CLANG_WARN_DOCUMENTATION_COMMENTS = YES;
				CLANG_WARN_EMPTY_BODY = YES;
				CLANG_WARN_ENUM_CONVERSION = YES;
				CLANG_WARN_INFINITE_RECURSION = YES;
				CLANG_WARN_INT_CONVERSION = YES;
				CLANG_WARN_NON_LITERAL_NULL_CONVERSION = YES;
				CLANG_WARN_OBJC_IMPLICIT_RETAIN_SELF = YES;
				CLANG_WARN_OBJC_LITERAL_CONVERSION = YES;
				CLANG_WARN_OBJC_ROOT_CLASS = YES_ERROR;
				CLANG_WARN_QUOTED_INCLUDE_IN_FRAMEWORK_HEADER = YES;
				CLANG_WARN_RANGE_LOOP_ANALYSIS = YES;
				CLANG_WARN_STRICT_PROTOTYPES = YES;
				CLANG_WARN_SUSPICIOUS_MOVE = YES;
				CLANG_WARN_UNGUARDED_AVAILABILITY = YES_AGGRESSIVE;
				CLANG_WARN_UNREACHABLE_CODE = YES;
				CLANG_WARN__DUPLICATE_METHOD_MATCH = YES;
				COPY_PHASE_STRIP = NO;
				DEBUG_INFORMATION_FORMAT = "dwarf-with-dsym";
				ENABLE_NS_ASSERTIONS = NO;
				ENABLE_STRICT_OBJC_MSGSEND = YES;
				ENABLE_USER_SCRIPT_SANDBOXING = YES;
				GCC_C_LANGUAGE_STANDARD = gnu17;
				GCC_NO_COMMON_BLOCKS = YES;
				GCC_WARN_64_TO_32_BIT_CONVERSION = YES;
				GCC_WARN_ABOUT_RETURN_TYPE = YES_ERROR;
				GCC_WARN_UNDECLARED_SELECTOR = YES;
				GCC_WARN_UNINITIALIZED_AUTOS = YES_AGGRESSIVE;
				GCC_WARN_UNUSED_FUNCTION = YES;
				GCC_WARN_UNUSED_VARIABLE = YES;
				IPHONEOS_DEPLOYMENT_TARGET = 17.5;
				LOCALIZATION_PREFERS_STRING_CATALOGS = YES;
				MTL_ENABLE_DEBUG_INFO = NO;
				MTL_FAST_MATH = YES;
				SDKROOT = iphoneos;
				SWIFT_COMPILATION_MODE = wholemodule;
				VALIDATE_PRODUCT = YES;
			};
			name = Release;
		};
		AD3A43F32C5FB7B9009A2EFF /* Debug */ = {
			isa = XCBuildConfiguration;
			baseConfigurationReference = AD3A44022C5FC4BF009A2EFF /* DevConfig.xcconfig */;
			buildSettings = {
				ASSETCATALOG_COMPILER_APPICON_NAME = AppIcon;
				ASSETCATALOG_COMPILER_GLOBAL_ACCENT_COLOR_NAME = AccentColor;
				CODE_SIGN_STYLE = Automatic;
				CURRENT_PROJECT_VERSION = 1;
				DEVELOPMENT_ASSET_PATHS = "\"ImageDownloader/Preview Content\"";
				DEVELOPMENT_TEAM = XRHBNP5PV5;
				ENABLE_PREVIEWS = YES;
				GENERATE_INFOPLIST_FILE = YES;
				INFOPLIST_FILE = ImageDownloader/Info.plist;
				INFOPLIST_KEY_UIApplicationSceneManifest_Generation = YES;
				INFOPLIST_KEY_UIApplicationSupportsIndirectInputEvents = YES;
				INFOPLIST_KEY_UILaunchScreen_Generation = YES;
				INFOPLIST_KEY_UISupportedInterfaceOrientations_iPad = "UIInterfaceOrientationPortrait UIInterfaceOrientationPortraitUpsideDown UIInterfaceOrientationLandscapeLeft UIInterfaceOrientationLandscapeRight";
				INFOPLIST_KEY_UISupportedInterfaceOrientations_iPhone = "UIInterfaceOrientationPortrait UIInterfaceOrientationLandscapeLeft UIInterfaceOrientationLandscapeRight";
				LD_RUNPATH_SEARCH_PATHS = (
					"$(inherited)",
					"@executable_path/Frameworks",
				);
				MARKETING_VERSION = 1.0;
				PRODUCT_BUNDLE_IDENTIFIER = marko.mutavdzic.ImageDownloader;
				PRODUCT_NAME = "$(TARGET_NAME)";
				SWIFT_EMIT_LOC_STRINGS = YES;
				SWIFT_VERSION = 5.0;
				TARGETED_DEVICE_FAMILY = "1,2";
			};
			name = Debug;
		};
		AD3A43F42C5FB7B9009A2EFF /* Release */ = {
			isa = XCBuildConfiguration;
			baseConfigurationReference = AD3A44032C5FC4D4009A2EFF /* ProdConfig.xcconfig */;
			buildSettings = {
				ASSETCATALOG_COMPILER_APPICON_NAME = AppIcon;
				ASSETCATALOG_COMPILER_GLOBAL_ACCENT_COLOR_NAME = AccentColor;
				CODE_SIGN_STYLE = Automatic;
				CURRENT_PROJECT_VERSION = 1;
				DEVELOPMENT_ASSET_PATHS = "\"ImageDownloader/Preview Content\"";
				DEVELOPMENT_TEAM = XRHBNP5PV5;
				ENABLE_PREVIEWS = YES;
				GENERATE_INFOPLIST_FILE = YES;
				INFOPLIST_FILE = ImageDownloader/Info.plist;
				INFOPLIST_KEY_UIApplicationSceneManifest_Generation = YES;
				INFOPLIST_KEY_UIApplicationSupportsIndirectInputEvents = YES;
				INFOPLIST_KEY_UILaunchScreen_Generation = YES;
				INFOPLIST_KEY_UISupportedInterfaceOrientations_iPad = "UIInterfaceOrientationPortrait UIInterfaceOrientationPortraitUpsideDown UIInterfaceOrientationLandscapeLeft UIInterfaceOrientationLandscapeRight";
				INFOPLIST_KEY_UISupportedInterfaceOrientations_iPhone = "UIInterfaceOrientationPortrait UIInterfaceOrientationLandscapeLeft UIInterfaceOrientationLandscapeRight";
				LD_RUNPATH_SEARCH_PATHS = (
					"$(inherited)",
					"@executable_path/Frameworks",
				);
				MARKETING_VERSION = 1.0;
				PRODUCT_BUNDLE_IDENTIFIER = marko.mutavdzic.ImageDownloader;
				PRODUCT_NAME = "$(TARGET_NAME)";
				SWIFT_EMIT_LOC_STRINGS = YES;
				SWIFT_VERSION = 5.0;
				TARGETED_DEVICE_FAMILY = "1,2";
			};
			name = Release;
		};
		AD3A43F62C5FB7B9009A2EFF /* Debug */ = {
			isa = XCBuildConfiguration;
			baseConfigurationReference = AD3A44022C5FC4BF009A2EFF /* DevConfig.xcconfig */;
			buildSettings = {
				ALWAYS_EMBED_SWIFT_STANDARD_LIBRARIES = YES;
				BUNDLE_LOADER = "$(TEST_HOST)";
				CODE_SIGN_STYLE = Automatic;
				CURRENT_PROJECT_VERSION = 1;
				DEVELOPMENT_TEAM = XRHBNP5PV5;
				GENERATE_INFOPLIST_FILE = YES;
				IPHONEOS_DEPLOYMENT_TARGET = 17.5;
				MARKETING_VERSION = 1.0;
				PRODUCT_BUNDLE_IDENTIFIER = marko.mutavdzic.ImageDownloaderTests;
				PRODUCT_NAME = "$(TARGET_NAME)";
				SWIFT_EMIT_LOC_STRINGS = NO;
				SWIFT_VERSION = 5.0;
				TARGETED_DEVICE_FAMILY = "1,2";
				TEST_HOST = "$(BUILT_PRODUCTS_DIR)/ImageDownloader.app/$(BUNDLE_EXECUTABLE_FOLDER_PATH)/ImageDownloader";
			};
			name = Debug;
		};
		AD3A43F72C5FB7B9009A2EFF /* Release */ = {
			isa = XCBuildConfiguration;
			baseConfigurationReference = AD3A44032C5FC4D4009A2EFF /* ProdConfig.xcconfig */;
			buildSettings = {
				ALWAYS_EMBED_SWIFT_STANDARD_LIBRARIES = YES;
				BUNDLE_LOADER = "$(TEST_HOST)";
				CODE_SIGN_STYLE = Automatic;
				CURRENT_PROJECT_VERSION = 1;
				DEVELOPMENT_TEAM = XRHBNP5PV5;
				GENERATE_INFOPLIST_FILE = YES;
				IPHONEOS_DEPLOYMENT_TARGET = 17.5;
				MARKETING_VERSION = 1.0;
				PRODUCT_BUNDLE_IDENTIFIER = marko.mutavdzic.ImageDownloaderTests;
				PRODUCT_NAME = "$(TARGET_NAME)";
				SWIFT_EMIT_LOC_STRINGS = NO;
				SWIFT_VERSION = 5.0;
				TARGETED_DEVICE_FAMILY = "1,2";
				TEST_HOST = "$(BUILT_PRODUCTS_DIR)/ImageDownloader.app/$(BUNDLE_EXECUTABLE_FOLDER_PATH)/ImageDownloader";
			};
			name = Release;
		};
		AD3A43F92C5FB7B9009A2EFF /* Debug */ = {
			isa = XCBuildConfiguration;
			baseConfigurationReference = AD3A44022C5FC4BF009A2EFF /* DevConfig.xcconfig */;
			buildSettings = {
				ALWAYS_EMBED_SWIFT_STANDARD_LIBRARIES = YES;
				CODE_SIGN_STYLE = Automatic;
				CURRENT_PROJECT_VERSION = 1;
				DEVELOPMENT_TEAM = XRHBNP5PV5;
				GENERATE_INFOPLIST_FILE = YES;
				MARKETING_VERSION = 1.0;
				PRODUCT_BUNDLE_IDENTIFIER = marko.mutavdzic.ImageDownloaderUITests;
				PRODUCT_NAME = "$(TARGET_NAME)";
				SWIFT_EMIT_LOC_STRINGS = NO;
				SWIFT_VERSION = 5.0;
				TARGETED_DEVICE_FAMILY = "1,2";
				TEST_TARGET_NAME = ImageDownloader;
			};
			name = Debug;
		};
		AD3A43FA2C5FB7B9009A2EFF /* Release */ = {
			isa = XCBuildConfiguration;
			baseConfigurationReference = AD3A44032C5FC4D4009A2EFF /* ProdConfig.xcconfig */;
			buildSettings = {
				ALWAYS_EMBED_SWIFT_STANDARD_LIBRARIES = YES;
				CODE_SIGN_STYLE = Automatic;
				CURRENT_PROJECT_VERSION = 1;
				DEVELOPMENT_TEAM = XRHBNP5PV5;
				GENERATE_INFOPLIST_FILE = YES;
				MARKETING_VERSION = 1.0;
				PRODUCT_BUNDLE_IDENTIFIER = marko.mutavdzic.ImageDownloaderUITests;
				PRODUCT_NAME = "$(TARGET_NAME)";
				SWIFT_EMIT_LOC_STRINGS = NO;
				SWIFT_VERSION = 5.0;
				TARGETED_DEVICE_FAMILY = "1,2";
				TEST_TARGET_NAME = ImageDownloader;
			};
			name = Release;
		};
/* End XCBuildConfiguration section */

/* Begin XCConfigurationList section */
		AD3A43C92C5FB7B8009A2EFF /* Build configuration list for PBXProject "ImageDownloader" */ = {
			isa = XCConfigurationList;
			buildConfigurations = (
				AD3A43F02C5FB7B9009A2EFF /* Debug */,
				AD3A43F12C5FB7B9009A2EFF /* Release */,
			);
			defaultConfigurationIsVisible = 0;
			defaultConfigurationName = Release;
		};
		AD3A43F22C5FB7B9009A2EFF /* Build configuration list for PBXNativeTarget "ImageDownloader" */ = {
			isa = XCConfigurationList;
			buildConfigurations = (
				AD3A43F32C5FB7B9009A2EFF /* Debug */,
				AD3A43F42C5FB7B9009A2EFF /* Release */,
			);
			defaultConfigurationIsVisible = 0;
			defaultConfigurationName = Release;
		};
		AD3A43F52C5FB7B9009A2EFF /* Build configuration list for PBXNativeTarget "ImageDownloaderTests" */ = {
			isa = XCConfigurationList;
			buildConfigurations = (
				AD3A43F62C5FB7B9009A2EFF /* Debug */,
				AD3A43F72C5FB7B9009A2EFF /* Release */,
			);
			defaultConfigurationIsVisible = 0;
			defaultConfigurationName = Release;
		};
		AD3A43F82C5FB7B9009A2EFF /* Build configuration list for PBXNativeTarget "ImageDownloaderUITests" */ = {
			isa = XCConfigurationList;
			buildConfigurations = (
				AD3A43F92C5FB7B9009A2EFF /* Debug */,
				AD3A43FA2C5FB7B9009A2EFF /* Release */,
			);
			defaultConfigurationIsVisible = 0;
			defaultConfigurationName = Release;
		};
/* End XCConfigurationList section */

/* Begin XCRemoteSwiftPackageReference section */
		AD715B242C60D99F008A586B /* XCRemoteSwiftPackageReference "ImageCacheLibrary" */ = {
			isa = XCRemoteSwiftPackageReference;
			repositoryURL = "https://github.com/threadLord/ImageCacheLibrary.git";
			requirement = {
				branch = main;
				kind = branch;
			};
		};
/* End XCRemoteSwiftPackageReference section */

/* Begin XCSwiftPackageProductDependency section */
		AD715B262C60DA20008A586B /* ImageCachingLibrary */ = {
			isa = XCSwiftPackageProductDependency;
			package = AD715B242C60D99F008A586B /* XCRemoteSwiftPackageReference "ImageCacheLibrary" */;
			productName = ImageCachingLibrary;
		};
/* End XCSwiftPackageProductDependency section */
	};
	rootObject = AD3A43C62C5FB7B8009A2EFF /* Project object */;
}
