{
  "originHash" : "d50d5cf0f19ab75759a5fff0e89fd95c034b76fade5155783674c0a612a2d318",
  "pins" : [
    {
      "identity" : "imagecachelibrary",
      "kind" : "remoteSourceControl",
      "location" : "https://github.com/threadLord/ImageCacheLibrary.git",
      "state" : {
        "branch" : "main",
        "revision" : "e5406bdd8c7ed7e3c6df07ff13b4d378a6a8a17a"
      }
    }
  ],
  "version" : 3
}
