{
  "originHash" : "d50d5cf0f19ab75759a5fff0e89fd95c034b76fade5155783674c0a612a2d318",
  "pins" : [
    {
      "identity" : "imagecachelibrary",
      "kind" : "remoteSourceControl",
      "location" : "https://github.com/threadLord/ImageCacheLibrary.git",
      "state" : {
        "branch" : "main",
        "revision" : "d124ceb80d1549c7ec1f7a5a68dfb9b4b3d840c6"
      }
    }
  ],
  "version" : 3
}
